{
  "lockfileVersion": 1,
  "dependencies": {
    "@material/animation": {
      "version": "https://registry.npmjs.org/@material/animation/-/animation-0.2.0.tgz",
      "integrity": "sha1-NH/S5f99Q/Ba+payZzf5eHzAexo="
    },
    "@material/auto-init": {
      "version": "https://registry.npmjs.org/@material/auto-init/-/auto-init-0.1.1.tgz",
      "integrity": "sha1-FqXDcGG+cb3Le1q8MPbpeF1Yx3c="
    },
    "@material/base": {
      "version": "https://registry.npmjs.org/@material/base/-/base-0.1.2.tgz",
      "integrity": "sha1-XMaF7rPFb8sTkFIorsUPluIBLfc="
    },
    "@material/button": {
      "version": "https://registry.npmjs.org/@material/button/-/button-0.3.4.tgz",
      "integrity": "sha1-LRRtb7GxhxUhgxK0FGs1638iOp4="
    },
    "@material/card": {
      "version": "https://registry.npmjs.org/@material/card/-/card-0.1.8.tgz",
      "integrity": "sha1-4TpjslbEWlutpA4z14a6dm1cc8o="
    },
    "@material/checkbox": {
      "version": "https://registry.npmjs.org/@material/checkbox/-/checkbox-0.3.2.tgz",
      "integrity": "sha1-F/czTwNBRKZkkoykPBGvvbfcVj4="
    },
    "@material/dialog": {
      "version": "https://registry.npmjs.org/@material/dialog/-/dialog-0.2.2.tgz",
      "integrity": "sha1-RFHGuKESlkuqYWgpb7Ft6eCx0G0=",
      "dependencies": {
        "@material/typography": {
          "version": "https://registry.npmjs.org/@material/typography/-/typography-0.1.1.tgz",
          "integrity": "sha1-+y40N70yhNOen7kUhXZ63msr0ME="
        }
      }
    },
    "@material/drawer": {
      "version": "https://registry.npmjs.org/@material/drawer/-/drawer-0.4.0.tgz",
      "integrity": "sha1-1YJeNwSIeRYhbLRj8Ra8RXnOQPg="
    },
    "@material/elevation": {
      "version": "https://registry.npmjs.org/@material/elevation/-/elevation-0.1.5.tgz",
      "integrity": "sha1-Xc/Z15waCfAHs7BX2J4Ve70QG00="
    },
    "@material/fab": {
      "version": "https://registry.npmjs.org/@material/fab/-/fab-0.3.6.tgz",
      "integrity": "sha1-H+WMDMu4TxLyhCPuynncM1jN/lI="
    },
    "@material/form-field": {
      "version": "https://registry.npmjs.org/@material/form-field/-/form-field-0.2.4.tgz",
      "integrity": "sha1-fFNVbjeSTOrK87QyNGQSqO+ogo8="
    },
    "@material/grid-list": {
      "version": "https://registry.npmjs.org/@material/grid-list/-/grid-list-0.2.1.tgz",
      "integrity": "sha1-hF5buEgR8KOEzB/mgFd2ZOMlJaY="
    },
    "@material/icon-toggle": {
      "version": "https://registry.npmjs.org/@material/icon-toggle/-/icon-toggle-0.1.9.tgz",
      "integrity": "sha1-eM89x2XNPoEKWe3kCctSQ3PcZbk="
    },
    "@material/layout-grid": {
      "version": "https://registry.npmjs.org/@material/layout-grid/-/layout-grid-0.1.1.tgz",
      "integrity": "sha1-vfwEjGHjJ4W9Wfd+9Nacpo8zdgU="
    },
    "@material/list": {
      "version": "https://registry.npmjs.org/@material/list/-/list-0.2.7.tgz",
      "integrity": "sha1-D93BQS9OTb/IgW/iacu0CcIXq0s="
    },
    "@material/menu": {
      "version": "https://registry.npmjs.org/@material/menu/-/menu-0.2.4.tgz",
      "integrity": "sha1-wu/n07Tl0eCYsr4Gcp5kYqI/Ko4="
    },
    "@material/radio": {
      "version": "https://registry.npmjs.org/@material/radio/-/radio-0.2.2.tgz",
      "integrity": "sha1-RsW3Z4W83ItXUyHw9fWMZc77qJY="
    },
    "@material/ripple": {
      "version": "https://registry.npmjs.org/@material/ripple/-/ripple-0.6.0.tgz",
      "integrity": "sha1-ubuFQYan6+j7IQ+Ycm3ZaeRLLjs="
    },
    "@material/rtl": {
      "version": "https://registry.npmjs.org/@material/rtl/-/rtl-0.1.3.tgz",
      "integrity": "sha1-hwl7Cqf1bBdIoqOi7dBGN4O/rNU="
    },
    "@material/select": {
      "version": "https://registry.npmjs.org/@material/select/-/select-0.3.4.tgz",
      "integrity": "sha1-7r3ei27kf3zLpAprK1i1IUUmuvI="
    },
    "@material/snackbar": {
      "version": "https://registry.npmjs.org/@material/snackbar/-/snackbar-0.1.9.tgz",
      "integrity": "sha1-91EfME3qsBqJxT/+mOTWnh95RVo="
    },
    "@material/switch": {
      "version": "https://registry.npmjs.org/@material/switch/-/switch-0.1.5.tgz",
      "integrity": "sha1-f5Q8tNxRLDsoHDwMjiSPU7Qv3rk="
    },
    "@material/textfield": {
      "version": "https://registry.npmjs.org/@material/textfield/-/textfield-0.2.7.tgz",
      "integrity": "sha1-iu3fdOW7zjhjU5nj4zVajEByWHE="
    },
    "@material/theme": {
      "version": "https://registry.npmjs.org/@material/theme/-/theme-0.1.4.tgz",
      "integrity": "sha1-0JS8me/3U16sRlC6yt/BD6q6N5I="
    },
    "@material/toolbar": {
      "version": "https://registry.npmjs.org/@material/toolbar/-/toolbar-0.3.0.tgz",
      "integrity": "sha1-Pua832SUkoTqqasE8fspw+Q89s4="
    },
    "@material/typography": {
      "version": "https://registry.npmjs.org/@material/typography/-/typography-0.2.1.tgz",
      "integrity": "sha1-PFrUho1S85R0blirxniMrrIQH8c="
    },
    "focus-trap": {
      "version": "https://registry.npmjs.org/focus-trap/-/focus-trap-2.3.0.tgz",
      "integrity": "sha1-B8kZZIZ9NGMV9PX434i/lkVTFuI="
    },
    "jquery": {
      "version": "3.2.1",
      "resolved": "https://registry.npmjs.org/jquery/-/jquery-3.2.1.tgz",
      "integrity": "sha1-XE2d5lKvbNCncBVKYxu6ErAVx4c=",
      "dev": true
    },
    "material-components-web": {
      "version": "https://registry.npmjs.org/material-components-web/-/material-components-web-0.10.0.tgz",
      "integrity": "sha1-Fn/OeRTfWVi6nLEKJS/ruudOgdM="
    },
    "tabbable": {
      "version": "https://registry.npmjs.org/tabbable/-/tabbable-1.0.6.tgz",
      "integrity": "sha1-fCaofqb0ol7fXtthl0WgrnQHJPw="
    }
  }
}
